// !$*UTF8*$!
{
	archiveVersion = 1;
	classes = {
	};
	objectVersion = 46;
	objects = {

/* Begin PBXBuildFile section */
		D86B28751C1B954E00AF972E /* main.m in Sources */ = {isa = PBXBuildFile; fileRef = D86B28741C1B954E00AF972E /* main.m */; };
		D86B28781C1B954E00AF972E /* AppDelegate.m in Sources */ = {isa = PBXBuildFile; fileRef = D86B28771C1B954E00AF972E /* AppDelegate.m */; };
		D86B287B1C1B954E00AF972E /* ViewController.m in Sources */ = {isa = PBXBuildFile; fileRef = D86B287A1C1B954E00AF972E /* ViewController.m */; };
		D86B287E1C1B954E00AF972E /* Main.storyboard in Resources */ = {isa = PBXBuildFile; fileRef = D86B287C1C1B954E00AF972E /* Main.storyboard */; };
		D86B28801C1B954E00AF972E /* Assets.xcassets in Resources */ = {isa = PBXBuildFile; fileRef = D86B287F1C1B954E00AF972E /* Assets.xcassets */; };
		D86B28831C1B954E00AF972E /* LaunchScreen.storyboard in Resources */ = {isa = PBXBuildFile; fileRef = D86B28811C1B954E00AF972E /* LaunchScreen.storyboard */; };
		D86B288E1C1B954E00AF972E /* FlashCardTests.m in Sources */ = {isa = PBXBuildFile; fileRef = D86B288D1C1B954E00AF972E /* FlashCardTests.m */; };
		D86B28991C1B954E00AF972E /* FlashCardUITests.m in Sources */ = {isa = PBXBuildFile; fileRef = D86B28981C1B954E00AF972E /* FlashCardUITests.m */; };
		D86B28A81C1B960800AF972E /* FalshCard.xcdatamodeld in Sources */ = {isa = PBXBuildFile; fileRef = D86B28A61C1B960800AF972E /* FalshCard.xcdatamodeld */; };
		D86B28AE1C1B9CA100AF972E /* PracticeVC.swift in Sources */ = {isa = PBXBuildFile; fileRef = D86B28AD1C1B9CA100AF972E /* PracticeVC.swift */; };
/* End PBXBuildFile section */

/* Begin PBXContainerItemProxy section */
		D86B288A1C1B954E00AF972E /* PBXContainerItemProxy */ = {
			isa = PBXContainerItemProxy;
			containerPortal = D86B28681C1B954E00AF972E /* Project object */;
			proxyType = 1;
			remoteGlobalIDString = D86B286F1C1B954E00AF972E;
			remoteInfo = FlashCard;
		};
		D86B28951C1B954E00AF972E /* PBXContainerItemProxy */ = {
			isa = PBXContainerItemProxy;
			containerPortal = D86B28681C1B954E00AF972E /* Project object */;
			proxyType = 1;
			remoteGlobalIDString = D86B286F1C1B954E00AF972E;
			remoteInfo = FlashCard;
		};
/* End PBXContainerItemProxy section */

/* Begin PBXFileReference section */
		D86B28701C1B954E00AF972E /* FlashCard.app */ = {isa = PBXFileReference; explicitFileType = wrapper.application; includeInIndex = 0; path = FlashCard.app; sourceTree = BUILT_PRODUCTS_DIR; };
		D86B28741C1B954E00AF972E /* main.m */ = {isa = PBXFileReference; lastKnownFileType = sourcecode.c.objc; path = main.m; sourceTree = "<group>"; };
		D86B28761C1B954E00AF972E /* AppDelegate.h */ = {isa = PBXFileReference; lastKnownFileType = sourcecode.c.h; path = AppDelegate.h; sourceTree = "<group>"; };
		D86B28771C1B954E00AF972E /* AppDelegate.m */ = {isa = PBXFileReference; lastKnownFileType = sourcecode.c.objc; path = AppDelegate.m; sourceTree = "<group>"; };
		D86B28791C1B954E00AF972E /* ViewController.h */ = {isa = PBXFileReference; lastKnownFileType = sourcecode.c.h; path = ViewController.h; sourceTree = "<group>"; };
		D86B287A1C1B954E00AF972E /* ViewController.m */ = {isa = PBXFileReference; lastKnownFileType = sourcecode.c.objc; path = ViewController.m; sourceTree = "<group>"; };
		D86B287D1C1B954E00AF972E /* Base */ = {isa = PBXFileReference; lastKnownFileType = file.storyboard; name = Base; path = Base.lproj/Main.storyboard; sourceTree = "<group>"; };
		D86B287F1C1B954E00AF972E /* Assets.xcassets */ = {isa = PBXFileReference; lastKnownFileType = folder.assetcatalog; path = Assets.xcassets; sourceTree = "<group>"; };
		D86B28821C1B954E00AF972E /* Base */ = {isa = PBXFileReference; lastKnownFileType = file.storyboard; name = Base; path = Base.lproj/LaunchScreen.storyboard; sourceTree = "<group>"; };
		D86B28841C1B954E00AF972E /* Info.plist */ = {isa = PBXFileReference; lastKnownFileType = text.plist.xml; path = Info.plist; sourceTree = "<group>"; };
		D86B28891C1B954E00AF972E /* FlashCardTests.xctest */ = {isa = PBXFileReference; explicitFileType = wrapper.cfbundle; includeInIndex = 0; path = FlashCardTests.xctest; sourceTree = BUILT_PRODUCTS_DIR; };
		D86B288D1C1B954E00AF972E /* FlashCardTests.m */ = {isa = PBXFileReference; lastKnownFileType = sourcecode.c.objc; path = FlashCardTests.m; sourceTree = "<group>"; };
		D86B288F1C1B954E00AF972E /* Info.plist */ = {isa = PBXFileReference; lastKnownFileType = text.plist.xml; path = Info.plist; sourceTree = "<group>"; };
		D86B28941C1B954E00AF972E /* FlashCardUITests.xctest */ = {isa = PBXFileReference; explicitFileType = wrapper.cfbundle; includeInIndex = 0; path = FlashCardUITests.xctest; sourceTree = BUILT_PRODUCTS_DIR; };
		D86B28981C1B954E00AF972E /* FlashCardUITests.m */ = {isa = PBXFileReference; lastKnownFileType = sourcecode.c.objc; path = FlashCardUITests.m; sourceTree = "<group>"; };
		D86B289A1C1B954E00AF972E /* Info.plist */ = {isa = PBXFileReference; lastKnownFileType = text.plist.xml; path = Info.plist; sourceTree = "<group>"; };
		D86B28A71C1B960800AF972E /* FalshCard.xcdatamodel */ = {isa = PBXFileReference; lastKnownFileType = wrapper.xcdatamodel; path = FalshCard.xcdatamodel; sourceTree = "<group>"; };
		D86B28AC1C1B9CA000AF972E /* FlashCard-Bridging-Header.h */ = {isa = PBXFileReference; lastKnownFileType = sourcecode.c.h; path = "FlashCard-Bridging-Header.h"; sourceTree = "<group>"; };
		D86B28AD1C1B9CA100AF972E /* PracticeVC.swift */ = {isa = PBXFileReference; fileEncoding = 4; lastKnownFileType = sourcecode.swift; path = PracticeVC.swift; sourceTree = "<group>"; };
/* End PBXFileReference section */

/* Begin PBXFrameworksBuildPhase section */
		D86B286D1C1B954E00AF972E /* Frameworks */ = {
			isa = PBXFrameworksBuildPhase;
			buildActionMask = 2147483647;
			files = (
			);
			runOnlyForDeploymentPostprocessing = 0;
		};
		D86B28861C1B954E00AF972E /* Frameworks */ = {
			isa = PBXFrameworksBuildPhase;
			buildActionMask = 2147483647;
			files = (
			);
			runOnlyForDeploymentPostprocessing = 0;
		};
		D86B28911C1B954E00AF972E /* Frameworks */ = {
			isa = PBXFrameworksBuildPhase;
			buildActionMask = 2147483647;
			files = (
			);
			runOnlyForDeploymentPostprocessing = 0;
		};
/* End PBXFrameworksBuildPhase section */

/* Begin PBXGroup section */
		D86B28671C1B954E00AF972E = {
			isa = PBXGroup;
			children = (
				D86B28AD1C1B9CA100AF972E /* PracticeVC.swift */,
				D86B28721C1B954E00AF972E /* FlashCard */,
				D86B288C1C1B954E00AF972E /* FlashCardTests */,
				D86B28971C1B954E00AF972E /* FlashCardUITests */,
				D86B28711C1B954E00AF972E /* Products */,
				D86B28AC1C1B9CA000AF972E /* FlashCard-Bridging-Header.h */,
			);
			sourceTree = "<group>";
		};
		D86B28711C1B954E00AF972E /* Products */ = {
			isa = PBXGroup;
			children = (
				D86B28701C1B954E00AF972E /* FlashCard.app */,
				D86B28891C1B954E00AF972E /* FlashCardTests.xctest */,
				D86B28941C1B954E00AF972E /* FlashCardUITests.xctest */,
			);
			name = Products;
			sourceTree = "<group>";
		};
		D86B28721C1B954E00AF972E /* FlashCard */ = {
			isa = PBXGroup;
			children = (
				D86B28761C1B954E00AF972E /* AppDelegate.h */,
				D86B28771C1B954E00AF972E /* AppDelegate.m */,
				D86B28791C1B954E00AF972E /* ViewController.h */,
				D86B287A1C1B954E00AF972E /* ViewController.m */,
				D86B287C1C1B954E00AF972E /* Main.storyboard */,
				D86B28A61C1B960800AF972E /* FalshCard.xcdatamodeld */,
				D86B287F1C1B954E00AF972E /* Assets.xcassets */,
				D86B28811C1B954E00AF972E /* LaunchScreen.storyboard */,
				D86B28841C1B954E00AF972E /* Info.plist */,
				D86B28731C1B954E00AF972E /* Supporting Files */,
			);
			path = FlashCard;
			sourceTree = "<group>";
		};
		D86B28731C1B954E00AF972E /* Supporting Files */ = {
			isa = PBXGroup;
			children = (
				D86B28741C1B954E00AF972E /* main.m */,
			);
			name = "Supporting Files";
			sourceTree = "<group>";
		};
		D86B288C1C1B954E00AF972E /* FlashCardTests */ = {
			isa = PBXGroup;
			children = (
				D86B288D1C1B954E00AF972E /* FlashCardTests.m */,
				D86B288F1C1B954E00AF972E /* Info.plist */,
			);
			path = FlashCardTests;
			sourceTree = "<group>";
		};
		D86B28971C1B954E00AF972E /* FlashCardUITests */ = {
			isa = PBXGroup;
			children = (
				D86B28981C1B954E00AF972E /* FlashCardUITests.m */,
				D86B289A1C1B954E00AF972E /* Info.plist */,
			);
			path = FlashCardUITests;
			sourceTree = "<group>";
		};
/* End PBXGroup section */

/* Begin PBXNativeTarget section */
		D86B286F1C1B954E00AF972E /* FlashCard */ = {
			isa = PBXNativeTarget;
			buildConfigurationList = D86B289D1C1B954E00AF972E /* Build configuration list for PBXNativeTarget "FlashCard" */;
			buildPhases = (
				D86B286C1C1B954E00AF972E /* Sources */,
				D86B286D1C1B954E00AF972E /* Frameworks */,
				D86B286E1C1B954E00AF972E /* Resources */,
			);
			buildRules = (
			);
			dependencies = (
			);
			name = FlashCard;
			productName = FlashCard;
			productReference = D86B28701C1B954E00AF972E /* FlashCard.app */;
			productType = "com.apple.product-type.application";
		};
		D86B28881C1B954E00AF972E /* FlashCardTests */ = {
			isa = PBXNativeTarget;
			buildConfigurationList = D86B28A01C1B954E00AF972E /* Build configuration list for PBXNativeTarget "FlashCardTests" */;
			buildPhases = (
				D86B28851C1B954E00AF972E /* Sources */,
				D86B28861C1B954E00AF972E /* Frameworks */,
				D86B28871C1B954E00AF972E /* Resources */,
			);
			buildRules = (
			);
			dependencies = (
				D86B288B1C1B954E00AF972E /* PBXTargetDependency */,
			);
			name = FlashCardTests;
			productName = FlashCardTests;
			productReference = D86B28891C1B954E00AF972E /* FlashCardTests.xctest */;
			productType = "com.apple.product-type.bundle.unit-test";
		};
		D86B28931C1B954E00AF972E /* FlashCardUITests */ = {
			isa = PBXNativeTarget;
			buildConfigurationList = D86B28A31C1B954E00AF972E /* Build configuration list for PBXNativeTarget "FlashCardUITests" */;
			buildPhases = (
				D86B28901C1B954E00AF972E /* Sources */,
				D86B28911C1B954E00AF972E /* Frameworks */,
				D86B28921C1B954E00AF972E /* Resources */,
			);
			buildRules = (
			);
			dependencies = (
				D86B28961C1B954E00AF972E /* PBXTargetDependency */,
			);
			name = FlashCardUITests;
			productName = FlashCardUITests;
			productReference = D86B28941C1B954E00AF972E /* FlashCardUITests.xctest */;
			productType = "com.apple.product-type.bundle.ui-testing";
		};
/* End PBXNativeTarget section */

/* Begin PBXProject section */
		D86B28681C1B954E00AF972E /* Project object */ = {
			isa = PBXProject;
			attributes = {
				LastUpgradeCheck = 0720;
				ORGANIZATIONNAME = "Nathan Fair";
				TargetAttributes = {
					D86B286F1C1B954E00AF972E = {
						CreatedOnToolsVersion = 7.2;
						DevelopmentTeam = XUGDL4B957;
					};
					D86B28881C1B954E00AF972E = {
						CreatedOnToolsVersion = 7.2;
						TestTargetID = D86B286F1C1B954E00AF972E;
					};
					D86B28931C1B954E00AF972E = {
						CreatedOnToolsVersion = 7.2;
						TestTargetID = D86B286F1C1B954E00AF972E;
					};
				};
			};
			buildConfigurationList = D86B286B1C1B954E00AF972E /* Build configuration list for PBXProject "FlashCard" */;
			compatibilityVersion = "Xcode 3.2";
			developmentRegion = English;
			hasScannedForEncodings = 0;
			knownRegions = (
				en,
				Base,
			);
			mainGroup = D86B28671C1B954E00AF972E;
			productRefGroup = D86B28711C1B954E00AF972E /* Products */;
			projectDirPath = "";
			projectRoot = "";
			targets = (
				D86B286F1C1B954E00AF972E /* FlashCard */,
				D86B28881C1B954E00AF972E /* FlashCardTests */,
				D86B28931C1B954E00AF972E /* FlashCardUITests */,
			);
		};
/* End PBXProject section */

/* Begin PBXResourcesBuildPhase section */
		D86B286E1C1B954E00AF972E /* Resources */ = {
			isa = PBXResourcesBuildPhase;
			buildActionMask = 2147483647;
			files = (
				D86B28831C1B954E00AF972E /* LaunchScreen.storyboard in Resources */,
				D86B28801C1B954E00AF972E /* Assets.xcassets in Resources */,
				D86B287E1C1B954E00AF972E /* Main.storyboard in Resources */,
			);
			runOnlyForDeploymentPostprocessing = 0;
		};
		D86B28871C1B954E00AF972E /* Resources */ = {
			isa = PBXResourcesBuildPhase;
			buildActionMask = 2147483647;
			files = (
			);
			runOnlyForDeploymentPostprocessing = 0;
		};
		D86B28921C1B954E00AF972E /* Resources */ = {
			isa = PBXResourcesBuildPhase;
			buildActionMask = 2147483647;
			files = (
			);
			runOnlyForDeploymentPostprocessing = 0;
		};
/* End PBXResourcesBuildPhase section */

/* Begin PBXSourcesBuildPhase section */
		D86B286C1C1B954E00AF972E /* Sources */ = {
			isa = PBXSourcesBuildPhase;
			buildActionMask = 2147483647;
			files = (
				D86B287B1C1B954E00AF972E /* ViewController.m in Sources */,
				D86B28781C1B954E00AF972E /* AppDelegate.m in Sources */,
				D86B28A81C1B960800AF972E /* FalshCard.xcdatamodeld in Sources */,
				D86B28AE1C1B9CA100AF972E /* PracticeVC.swift in Sources */,
				D86B28751C1B954E00AF972E /* main.m in Sources */,
			);
			runOnlyForDeploymentPostprocessing = 0;
		};
		D86B28851C1B954E00AF972E /* Sources */ = {
			isa = PBXSourcesBuildPhase;
			buildActionMask = 2147483647;
			files = (
				D86B288E1C1B954E00AF972E /* FlashCardTests.m in Sources */,
			);
			runOnlyForDeploymentPostprocessing = 0;
		};
		D86B28901C1B954E00AF972E /* Sources */ = {
			isa = PBXSourcesBuildPhase;
			buildActionMask = 2147483647;
			files = (
				D86B28991C1B954E00AF972E /* FlashCardUITests.m in Sources */,
			);
			runOnlyForDeploymentPostprocessing = 0;
		};
/* End PBXSourcesBuildPhase section */

/* Begin PBXTargetDependency section */
		D86B288B1C1B954E00AF972E /* PBXTargetDependency */ = {
			isa = PBXTargetDependency;
			target = D86B286F1C1B954E00AF972E /* FlashCard */;
			targetProxy = D86B288A1C1B954E00AF972E /* PBXContainerItemProxy */;
		};
		D86B28961C1B954E00AF972E /* PBXTargetDependency */ = {
			isa = PBXTargetDependency;
			target = D86B286F1C1B954E00AF972E /* FlashCard */;
			targetProxy = D86B28951C1B954E00AF972E /* PBXContainerItemProxy */;
		};
/* End PBXTargetDependency section */

/* Begin PBXVariantGroup section */
		D86B287C1C1B954E00AF972E /* Main.storyboard */ = {
			isa = PBXVariantGroup;
			children = (
				D86B287D1C1B954E00AF972E /* Base */,
			);
			name = Main.storyboard;
			sourceTree = "<group>";
		};
		D86B28811C1B954E00AF972E /* LaunchScreen.storyboard */ = {
			isa = PBXVariantGroup;
			children = (
				D86B28821C1B954E00AF972E /* Base */,
			);
			name = LaunchScreen.storyboard;
			sourceTree = "<group>";
		};
/* End PBXVariantGroup section */

/* Begin XCBuildConfiguration section */
		D86B289B1C1B954E00AF972E /* Debug */ = {
			isa = XCBuildConfiguration;
			buildSettings = {
				ALWAYS_SEARCH_USER_PATHS = NO;
				CLANG_CXX_LANGUAGE_STANDARD = "gnu++0x";
				CLANG_CXX_LIBRARY = "libc++";
				CLANG_ENABLE_MODULES = YES;
				CLANG_ENABLE_OBJC_ARC = YES;
				CLANG_WARN_BOOL_CONVERSION = YES;
				CLANG_WARN_CONSTANT_CONVERSION = YES;
				CLANG_WARN_DIRECT_OBJC_ISA_USAGE = YES_ERROR;
				CLANG_WARN_EMPTY_BODY = YES;
				CLANG_WARN_ENUM_CONVERSION = YES;
				CLANG_WARN_INT_CONVERSION = YES;
				CLANG_WARN_OBJC_ROOT_CLASS = YES_ERROR;
				CLANG_WARN_UNREACHABLE_CODE = YES;
				CLANG_WARN__DUPLICATE_METHOD_MATCH = YES;
				"CODE_SIGN_IDENTITY[sdk=iphoneos*]" = "iPhone Developer";
				COPY_PHASE_STRIP = NO;
				DEBUG_INFORMATION_FORMAT = dwarf;
				ENABLE_STRICT_OBJC_MSGSEND = YES;
				ENABLE_TESTABILITY = YES;
				GCC_C_LANGUAGE_STANDARD = gnu99;
				GCC_DYNAMIC_NO_PIC = NO;
				GCC_NO_COMMON_BLOCKS = YES;
				GCC_OPTIMIZATION_LEVEL = 0;
				GCC_PREPROCESSOR_DEFINITIONS = (
					"DEBUG=1",
					"$(inherited)",
				);
				GCC_WARN_64_TO_32_BIT_CONVERSION = YES;
				GCC_WARN_ABOUT_RETURN_TYPE = YES_ERROR;
				GCC_WARN_UNDECLARED_SELECTOR = YES;
				GCC_WARN_UNINITIALIZED_AUTOS = YES_AGGRESSIVE;
				GCC_WARN_UNUSED_FUNCTION = YES;
				GCC_WARN_UNUSED_VARIABLE = YES;
				IPHONEOS_DEPLOYMENT_TARGET = 9.2;
				MTL_ENABLE_DEBUG_INFO = YES;
				ONLY_ACTIVE_ARCH = YES;
				SDKROOT = iphoneos;
				TARGETED_DEVICE_FAMILY = "1,2";
			};
			name = Debug;
		};
		D86B289C1C1B954E00AF972E /* Release */ = {
			isa = XCBuildConfiguration;
			buildSettings = {
				ALWAYS_SEARCH_USER_PATHS = NO;
				CLANG_CXX_LANGUAGE_STANDARD = "gnu++0x";
				CLANG_CXX_LIBRARY = "libc++";
				CLANG_ENABLE_MODULES = YES;
				CLANG_ENABLE_OBJC_ARC = YES;
				CLANG_WARN_BOOL_CONVERSION = YES;
				CLANG_WARN_CONSTANT_CONVERSION = YES;
				CLANG_WARN_DIRECT_OBJC_ISA_USAGE = YES_ERROR;
				CLANG_WARN_EMPTY_BODY = YES;
				CLANG_WARN_ENUM_CONVERSION = YES;
				CLANG_WARN_INT_CONVERSION = YES;
				CLANG_WARN_OBJC_ROOT_CLASS = YES_ERROR;
				CLANG_WARN_UNREACHABLE_CODE = YES;
				CLANG_WARN__DUPLICATE_METHOD_MATCH = YES;
				"CODE_SIGN_IDENTITY[sdk=iphoneos*]" = "iPhone Developer";
				COPY_PHASE_STRIP = NO;
				DEBUG_INFORMATION_FORMAT = "dwarf-with-dsym";
				ENABLE_NS_ASSERTIONS = NO;
				ENABLE_STRICT_OBJC_MSGSEND = YES;
				GCC_C_LANGUAGE_STANDARD = gnu99;
				GCC_NO_COMMON_BLOCKS = YES;
				GCC_WARN_64_TO_32_BIT_CONVERSION = YES;
				GCC_WARN_ABOUT_RETURN_TYPE = YES_ERROR;
				GCC_WARN_UNDECLARED_SELECTOR = YES;
				GCC_WARN_UNINITIALIZED_AUTOS = YES_AGGRESSIVE;
				GCC_WARN_UNUSED_FUNCTION = YES;
				GCC_WARN_UNUSED_VARIABLE = YES;
				IPHONEOS_DEPLOYMENT_TARGET = 9.2;
				MTL_ENABLE_DEBUG_INFO = NO;
				SDKROOT = iphoneos;
				TARGETED_DEVICE_FAMILY = "1,2";
				VALIDATE_PRODUCT = YES;
			};
			name = Release;
		};
		D86B289E1C1B954E00AF972E /* Debug */ = {
			isa = XCBuildConfiguration;
			buildSettings = {
				ASSETCATALOG_COMPILER_APPICON_NAME = AppIcon;
				CLANG_ENABLE_MODULES = YES;
				CODE_SIGN_IDENTITY = "iPhone Developer";
				INFOPLIST_FILE = FlashCard/Info.plist;
				LD_RUNPATH_SEARCH_PATHS = "$(inherited) @executable_path/Frameworks";
				PRODUCT_BUNDLE_IDENTIFIER = "com.octopus-labs.FlashCard";
				PRODUCT_NAME = "$(TARGET_NAME)";
				SWIFT_OBJC_BRIDGING_HEADER = "FlashCard-Bridging-Header.h";
				SWIFT_OPTIMIZATION_LEVEL = "-Onone";
			};
			name = Debug;
		};
		D86B289F1C1B954E00AF972E /* Release */ = {
			isa = XCBuildConfiguration;
			buildSettings = {
				ASSETCATALOG_COMPILER_APPICON_NAME = AppIcon;
				CLANG_ENABLE_MODULES = YES;
				CODE_SIGN_IDENTITY = "iPhone Developer";
				INFOPLIST_FILE = FlashCard/Info.plist;
				LD_RUNPATH_SEARCH_PATHS = "$(inherited) @executable_path/Frameworks";
				PRODUCT_BUNDLE_IDENTIFIER = "com.octopus-labs.FlashCard";
				PRODUCT_NAME = "$(TARGET_NAME)";
				SWIFT_OBJC_BRIDGING_HEADER = "FlashCard-Bridging-Header.h";
			};
			name = Release;
		};
		D86B28A11C1B954E00AF972E /* Debug */ = {
			isa = XCBuildConfiguration;
			buildSettings = {
				BUNDLE_LOADER = "$(TEST_HOST)";
				INFOPLIST_FILE = FlashCardTests/Info.plist;
				LD_RUNPATH_SEARCH_PATHS = "$(inherited) @executable_path/Frameworks @loader_path/Frameworks";
				PRODUCT_BUNDLE_IDENTIFIER = "com.octopus-labs.FlashCardTests";
				PRODUCT_NAME = "$(TARGET_NAME)";
				TEST_HOST = "$(BUILT_PRODUCTS_DIR)/FlashCard.app/FlashCard";
			};
			name = Debug;
		};
		D86B28A21C1B954E00AF972E /* Release */ = {
			isa = XCBuildConfiguration;
			buildSettings = {
				BUNDLE_LOADER = "$(TEST_HOST)";
				INFOPLIST_FILE = FlashCardTests/Info.plist;
				LD_RUNPATH_SEARCH_PATHS = "$(inherited) @executable_path/Frameworks @loader_path/Frameworks";
				PRODUCT_BUNDLE_IDENTIFIER = "com.octopus-labs.FlashCardTests";
				PRODUCT_NAME = "$(TARGET_NAME)";
				TEST_HOST = "$(BUILT_PRODUCTS_DIR)/FlashCard.app/FlashCard";
			};
			name = Release;
		};
		D86B28A41C1B954E00AF972E /* Debug */ = {
			isa = XCBuildConfiguration;
			buildSettings = {
				INFOPLIST_FILE = FlashCardUITests/Info.plist;
				LD_RUNPATH_SEARCH_PATHS = "$(inherited) @executable_path/Frameworks @loader_path/Frameworks";
				PRODUCT_BUNDLE_IDENTIFIER = "com.octopus-labs.FlashCardUITests";
				PRODUCT_NAME = "$(TARGET_NAME)";
				TEST_TARGET_NAME = FlashCard;
				USES_XCTRUNNER = YES;
			};
			name = Debug;
		};
		D86B28A51C1B954E00AF972E /* Release */ = {
			isa = XCBuildConfiguration;
			buildSettings = {
				INFOPLIST_FILE = FlashCardUITests/Info.plist;
				LD_RUNPATH_SEARCH_PATHS = "$(inherited) @executable_path/Frameworks @loader_path/Frameworks";
				PRODUCT_BUNDLE_IDENTIFIER = "com.octopus-labs.FlashCardUITests";
				PRODUCT_NAME = "$(TARGET_NAME)";
				TEST_TARGET_NAME = FlashCard;
				USES_XCTRUNNER = YES;
			};
			name = Release;
		};
/* End XCBuildConfiguration section */

/* Begin XCConfigurationList section */
		D86B286B1C1B954E00AF972E /* Build configuration list for PBXProject "FlashCard" */ = {
			isa = XCConfigurationList;
			buildConfigurations = (
				D86B289B1C1B954E00AF972E /* Debug */,
				D86B289C1C1B954E00AF972E /* Release */,
			);
			defaultConfigurationIsVisible = 0;
			defaultConfigurationName = Release;
		};
		D86B289D1C1B954E00AF972E /* Build configuration list for PBXNativeTarget "FlashCard" */ = {
			isa = XCConfigurationList;
			buildConfigurations = (
				D86B289E1C1B954E00AF972E /* Debug */,
				D86B289F1C1B954E00AF972E /* Release */,
			);
			defaultConfigurationIsVisible = 0;
		};
		D86B28A01C1B954E00AF972E /* Build configuration list for PBXNativeTarget "FlashCardTests" */ = {
			isa = XCConfigurationList;
			buildConfigurations = (
				D86B28A11C1B954E00AF972E /* Debug */,
				D86B28A21C1B954E00AF972E /* Release */,
			);
			defaultConfigurationIsVisible = 0;
		};
		D86B28A31C1B954E00AF972E /* Build configuration list for PBXNativeTarget "FlashCardUITests" */ = {
			isa = XCConfigurationList;
			buildConfigurations = (
				D86B28A41C1B954E00AF972E /* Debug */,
				D86B28A51C1B954E00AF972E /* Release */,
			);
			defaultConfigurationIsVisible = 0;
		};
/* End XCConfigurationList section */

/* Begin XCVersionGroup section */
		D86B28A61C1B960800AF972E /* FalshCard.xcdatamodeld */ = {
			isa = XCVersionGroup;
			children = (
				D86B28A71C1B960800AF972E /* FalshCard.xcdatamodel */,
			);
			currentVersion = D86B28A71C1B960800AF972E /* FalshCard.xcdatamodel */;
			path = FalshCard.xcdatamodeld;
			sourceTree = "<group>";
			versionGroupType = wrapper.xcdatamodel;
		};
/* End XCVersionGroup section */
	};
	rootObject = D86B28681C1B954E00AF972E /* Project object */;
}
